
Microsoft Visual Studio Solution File, Format Version 12.00
# Visual Studio Version 17
VisualStudioVersion = 17.7.34031.279
MinimumVisualStudioVersion = 10.0.40219.1
Project("{9A19103F-16F7-4668-BE54-9A1E7A4F7556}") = "SellSphere", "SellSphere\SellSphere.csproj", "{87B0EBA7-A30A-4476-8076-D23A901ECD7C}"
EndProject
Project("{9A19103F-16F7-4668-BE54-9A1E7A4F7556}") = "SellSphere.Core", "SellSphere.Core\SellSphere.Core.csproj", "{F9968FE4-ACBB-49BE-9F70-0BC615C26471}"
EndProject
Project("{FAE04EC0-301F-11D3-BF4B-00C04F79EFBC}") = "SellSphere.Repository", "SellSphere.Repository\SellSphere.Repository.csproj", "{0CF5BDD9-1632-4E07-8EB5-66822FF13E26}"
EndProject
Global
	GlobalSection(SolutionConfigurationPlatforms) = preSolution
		Debug|Any CPU = Debug|Any CPU
		Release|Any CPU = Release|Any CPU
	EndGlobalSection
	GlobalSection(ProjectConfigurationPlatforms) = postSolution
		{87B0EBA7-A30A-4476-8076-D23A901ECD7C}.Debug|Any CPU.ActiveCfg = Debug|Any CPU
		{87B0EBA7-A30A-4476-8076-D23A901ECD7C}.Debug|Any CPU.Build.0 = Debug|Any CPU
		{87B0EBA7-A30A-4476-8076-D23A901ECD7C}.Release|Any CPU.ActiveCfg = Release|Any CPU
		{87B0EBA7-A30A-4476-8076-D23A901ECD7C}.Release|Any CPU.Build.0 = Release|Any CPU
		{F9968FE4-ACBB-49BE-9F70-0BC615C26471}.Debug|Any CPU.ActiveCfg = Debug|Any CPU
		{F9968FE4-ACBB-49BE-9F70-0BC615C26471}.Debug|Any CPU.Build.0 = Debug|Any CPU
		{F9968FE4-ACBB-49BE-9F70-0BC615C26471}.Release|Any CPU.ActiveCfg = Release|Any CPU
		{F9968FE4-ACBB-49BE-9F70-0BC615C26471}.Release|Any CPU.Build.0 = Release|Any CPU
		{0CF5BDD9-1632-4E07-8EB5-66822FF13E26}.Debug|Any CPU.ActiveCfg = Debug|Any CPU
		{0CF5BDD9-1632-4E07-8EB5-66822FF13E26}.Debug|Any CPU.Build.0 = Debug|Any CPU
		{0CF5BDD9-1632-4E07-8EB5-66822FF13E26}.Release|Any CPU.ActiveCfg = Release|Any CPU
		{0CF5BDD9-1632-4E07-8EB5-66822FF13E26}.Release|Any CPU.Build.0 = Release|Any CPU
	EndGlobalSection
	GlobalSection(SolutionProperties) = preSolution
		HideSolutionNode = FALSE
	EndGlobalSection
	GlobalSection(ExtensibilityGlobals) = postSolution
		SolutionGuid = {27BCB980-FEF1-40FD-A5EC-E766925F5BDA}
	EndGlobalSection
EndGlobal
